{
  "name": "auth-nodejs-example",
  "version": "1.0.0",
  "lockfileVersion": 3,
  "requires": true,
  "packages": {
    "": {
      "name": "auth-nodejs-example",
      "version": "1.0.0",
      "license": "MIT",
      "dependencies": {
        "edgedb": "^1.4.0"
      },
      "devDependencies": {
        "prettier": "^3.0.3"
      }
    },
    "node_modules/edgedb": {
      "version": "1.4.0",
      "resolved": "https://registry.npmjs.org/edgedb/-/edgedb-1.4.0.tgz",
      "integrity": "sha512-KYH0DDaOlOe0EZEy9TYbVIM7LHZo5+wAsvmtFT7QoYm8ukaTQhEGSVQ8STMvGLRGPrUUJyEqS3C+P2gO0NvdCA==",
      "bin": {
        "edgeql-js": "dist/cli.js"
      },
      "engines": {
        "node": ">= 12.0.0"
      }
    },
    "node_modules/prettier": {
      "version": "3.0.3",
      "resolved": "https://registry.npmjs.org/prettier/-/prettier-3.0.3.tgz",
      "integrity": "sha512-L/4pUDMxcNa8R/EthV08Zt42WBO4h1rarVtK0K+QJG0X187OLo7l699jWw0GKuwzkPQ//jMFA/8Xm6Fh3J/DAg==",
      "dev": true,
      "bin": {
        "prettier": "bin/prettier.cjs"
      },
      "engines": {
        "node": ">=14"
      },
      "funding": {
        "url": "https://github.com/prettier/prettier?sponsor=1"
      }
    }
  }
}
